{"filter":false,"title":"Gemfile.lock","tooltip":"/sinatra-spec-driven-template/Gemfile.lock","undoManager":{"mark":-1,"position":-1,"stack":[]},"ace":{"folds":[],"scrolltop":2700,"scrollleft":0,"selection":{"start":{"row":211,"column":35},"end":{"row":211,"column":35},"isBackwards":false},"options":{"guessTabSize":true,"useWrapMode":false,"wrapToView":true},"firstLineState":{"row":191,"state":"start","mode":"ace/mode/text"}},"timestamp":1787409535328,"hash":"f3d5c0058d847bcc9e589322cd8b64c84d8512df"}